
Microsoft Visual Studio Solution File, Format Version 12.00
# Visual Studio Version 17
VisualStudioVersion = 17.13.35931.197
MinimumVisualStudioVersion = 10.0.40219.1
Project("{FAE04EC0-301F-11D3-BF4B-00C04F79EFBC}") = "WebFinalExam", "WebFinalObject\WebFinalExam.csproj", "{E08CD980-45CB-4346-A911-64304BB8648C}"
EndProject
Global
	GlobalSection(SolutionConfigurationPlatforms) = preSolution
		Debug|Any CPU = Debug|Any CPU
		Release|Any CPU = Release|Any CPU
	EndGlobalSection
	GlobalSection(ProjectConfigurationPlatforms) = postSolution
		{E08CD980-45CB-4346-A911-64304BB8648C}.Debug|Any CPU.ActiveCfg = Debug|Any CPU
		{E08CD980-45CB-4346-A911-64304BB8648C}.Debug|Any CPU.Build.0 = Debug|Any CPU
		{E08CD980-45CB-4346-A911-64304BB8648C}.Release|Any CPU.ActiveCfg = Release|Any CPU
		{E08CD980-45CB-4346-A911-64304BB8648C}.Release|Any CPU.Build.0 = Release|Any CPU
	EndGlobalSection
	GlobalSection(SolutionProperties) = preSolution
		HideSolutionNode = FALSE
	EndGlobalSection
	GlobalSection(ExtensibilityGlobals) = postSolution
		SolutionGuid = {3ECB5C0B-A823-4966-ABA3-56249479F1DB}
	EndGlobalSection
EndGlobal
